
Microsoft Visual Studio Solution File, Format Version 12.00
# Visual Studio Version 17
VisualStudioVersion = 17.7.34024.191
MinimumVisualStudioVersion = 10.0.40219.1
Project("{FAE04EC0-301F-11D3-BF4B-00C04F79EFBC}") = "School Library", "School Library\School Library.csproj", "{CC2C4A5C-B70D-4036-BEEB-379FF7B9B8DA}"
EndProject
Project("{FAE04EC0-301F-11D3-BF4B-00C04F79EFBC}") = "School LibraryTests", "School LibraryTests\School LibraryTests.csproj", "{9D41AABE-834E-433E-BC04-46D70078E353}"
EndProject
Global
	GlobalSection(SolutionConfigurationPlatforms) = preSolution
		Debug|Any CPU = Debug|Any CPU
		Release|Any CPU = Release|Any CPU
	EndGlobalSection
	GlobalSection(ProjectConfigurationPlatforms) = postSolution
		{CC2C4A5C-B70D-4036-BEEB-379FF7B9B8DA}.Debug|Any CPU.ActiveCfg = Debug|Any CPU
		{CC2C4A5C-B70D-4036-BEEB-379FF7B9B8DA}.Debug|Any CPU.Build.0 = Debug|Any CPU
		{CC2C4A5C-B70D-4036-BEEB-379FF7B9B8DA}.Release|Any CPU.ActiveCfg = Release|Any CPU
		{CC2C4A5C-B70D-4036-BEEB-379FF7B9B8DA}.Release|Any CPU.Build.0 = Release|Any CPU
		{9D41AABE-834E-433E-BC04-46D70078E353}.Debug|Any CPU.ActiveCfg = Debug|Any CPU
		{9D41AABE-834E-433E-BC04-46D70078E353}.Debug|Any CPU.Build.0 = Debug|Any CPU
		{9D41AABE-834E-433E-BC04-46D70078E353}.Release|Any CPU.ActiveCfg = Release|Any CPU
		{9D41AABE-834E-433E-BC04-46D70078E353}.Release|Any CPU.Build.0 = Release|Any CPU
	EndGlobalSection
	GlobalSection(SolutionProperties) = preSolution
		HideSolutionNode = FALSE
	EndGlobalSection
	GlobalSection(ExtensibilityGlobals) = postSolution
		SolutionGuid = {23FC2900-BE8A-4AF3-8D69-FC3C78BCFDDE}
	EndGlobalSection
EndGlobal
